
Microsoft Visual Studio Solution File, Format Version 12.00
# Visual Studio Version 17
VisualStudioVersion = 17.4.33122.133
MinimumVisualStudioVersion = 10.0.40219.1
Project("{FAE04EC0-301F-11D3-BF4B-00C04F79EFBC}") = "EDnevnik2024A", "EDnevnik2024A.csproj", "{3FF9518B-D333-4E0D-87BA-BE43A29191E7}"
EndProject
Global
	GlobalSection(SolutionConfigurationPlatforms) = preSolution
		Debug|Any CPU = Debug|Any CPU
		Release|Any CPU = Release|Any CPU
	EndGlobalSection
	GlobalSection(ProjectConfigurationPlatforms) = postSolution
		{3FF9518B-D333-4E0D-87BA-BE43A29191E7}.Debug|Any CPU.ActiveCfg = Debug|Any CPU
		{3FF9518B-D333-4E0D-87BA-BE43A29191E7}.Debug|Any CPU.Build.0 = Debug|Any CPU
		{3FF9518B-D333-4E0D-87BA-BE43A29191E7}.Release|Any CPU.ActiveCfg = Release|Any CPU
		{3FF9518B-D333-4E0D-87BA-BE43A29191E7}.Release|Any CPU.Build.0 = Release|Any CPU
	EndGlobalSection
	GlobalSection(SolutionProperties) = preSolution
		HideSolutionNode = FALSE
	EndGlobalSection
	GlobalSection(ExtensibilityGlobals) = postSolution
		SolutionGuid = {EEC3E371-7F66-4B79-8F74-2434EAF76BC3}
	EndGlobalSection
EndGlobal
